
Microsoft Visual Studio Solution File, Format Version 12.00
# Visual Studio 2012
Project("{FAE04EC0-301F-11D3-BF4B-00C04F79EFBC}") = "Alarm v2.0", "Alarm v2.0\Alarm v2.0.csproj", "{53243BCF-DD84-4B09-8E37-E297416D5531}"
EndProject
Global
	GlobalSection(SolutionConfigurationPlatforms) = preSolution
		Debug|Any CPU = Debug|Any CPU
		Release|Any CPU = Release|Any CPU
	EndGlobalSection
	GlobalSection(ProjectConfigurationPlatforms) = postSolution
		{53243BCF-DD84-4B09-8E37-E297416D5531}.Debug|Any CPU.ActiveCfg = Debug|Any CPU
		{53243BCF-DD84-4B09-8E37-E297416D5531}.Debug|Any CPU.Build.0 = Debug|Any CPU
		{53243BCF-DD84-4B09-8E37-E297416D5531}.Release|Any CPU.ActiveCfg = Release|Any CPU
		{53243BCF-DD84-4B09-8E37-E297416D5531}.Release|Any CPU.Build.0 = Release|Any CPU
	EndGlobalSection
	GlobalSection(SolutionProperties) = preSolution
		HideSolutionNode = FALSE
	EndGlobalSection
EndGlobal
